<?xml version="1.0" encoding="utf-8"?>
<Project ToolsVersion="4.0" xmlns="http://schemas.microsoft.com/developer/msbuild/2003">
  <ItemGroup>
    <Filter Include="Source">
      <UniqueIdentifier>{7d8a1fc7-59f9-4348-adfd-5e15c9446037}</UniqueIdentifier>
    </Filter>
    <Filter Include="Source\IO">
      <UniqueIdentifier>{acda07b5-6d9f-46c8-b7fd-a9092347ffac}</UniqueIdentifier>
    </Filter>
    <Filter Include="Source\Utils">
      <UniqueIdentifier>{0efb32a7-df4f-46b1-8087-23e19a10d3b3}</UniqueIdentifier>
    </Filter>
    <Filter Include="Source\Utils\Logging">
      <UniqueIdentifier>{5261cb96-4f2e-42b3-8d7b-b06c85f12f8d}</UniqueIdentifier>
    </Filter>
  </ItemGroup>
  <ItemGroup>
    <ClInclude Include="Source\Platform.h">
      <Filter>Source</Filter>
    </ClInclude>
    <ClInclude Include="Source\stdafx.h">
      <Filter>Source</Filter>
    </ClInclude>
    <ClInclude Include="Source\IO\Filesystem.h">
      <Filter>Source\IO</Filter>
    </ClInclude>
    <ClInclude Include="Source\EASTLConfig.h">
      <Filter>Source</Filter>
    </ClInclude>
    <ClInclude Include="Source\Mantis.h">
      <Filter>Source</Filter>
    </ClInclude>
    <ClInclude Include="Source\Utils\Logging\Logger.h">
      <Filter>Source\Utils\Logging</Filter>
    </ClInclude>
  </ItemGroup>
  <ItemGroup>
    <ClCompile Include="Source\stdafx.cpp">
      <Filter>Source</Filter>
    </ClCompile>
    <ClCompile Include="Source\IO\Filesystem.cpp">
      <Filter>Source\IO</Filter>
    </ClCompile>
    <ClCompile Include="Source\Utils\Logging\Logger.cpp">
      <Filter>Source\Utils\Logging</Filter>
    </ClCompile>
  </ItemGroup>
  <ItemGroup>
    <None Include="packages.config" />
  </ItemGroup>
</Project>